lockfileVersion: '9.0'

settings:
  autoInstallPeers: true
  excludeLinksFromLockfile: false

importers:

  .:
    dependencies:
      moment:
        specifier: ^2.29.0
        version: 2.30.1
    devDependencies:
      '@types/node-red':
        specifier: ^1.1.0
        version: 1.3.5

packages:

  '@types/ace@0.0.52':
    resolution: {integrity: sha512-YPF9S7fzpuyrxru+sG/rrTpZkC6gpHBPF14W3x70kqVOD+ks6jkYLapk4yceh36xej7K4HYxcyz9ZDQ2lTvwgQ==}

  '@types/body-parser@1.19.5':
    resolution: {integrity: sha512-fB3Zu92ucau0iQ0JMCFQE7b/dv8Ot07NI3KaZIkIUNXq82k4eBAqUaneXfleGY9JWskeS9y+u0nXMyspcuQrCg==}

  '@types/connect@3.4.38':
    resolution: {integrity: sha512-K6uROf1LD88uDQqJCktA4yzL1YYAK6NgfsI0v/mTgyPKWsX1CnJ0XPSDhViejru1GcRkLWb8RlzFYJRqGUbaug==}

  '@types/cors@2.8.17':
    resolution: {integrity: sha512-8CGDvrBj1zgo2qE+oS3pOCyYNqCPryMWY2bGfwA0dcfopWGgxs+78df0Rs3rc9THP4JkOhLsAa+15VdpAqkcUA==}

  '@types/express-serve-static-core@5.0.6':
    resolution: {integrity: sha512-3xhRnjJPkULekpSzgtoNYYcTWgEZkp4myc+Saevii5JPnHNvHMRlBSHDbs7Bh1iPPoVTERHEZXyhyLbMEsExsA==}

  '@types/express@5.0.0':
    resolution: {integrity: sha512-DvZriSMehGHL1ZNLzi6MidnsDhUZM/x2pRdDIKdwbUNqqwHxMlRdkxtn6/EPKyqKpHqTl/4nRZsRNLpZxZRpPQ==}

  '@types/http-errors@2.0.4':
    resolution: {integrity: sha512-D0CFMMtydbJAegzOyHjtiKPLlvnm3iTZyZRSZoLq2mRhDdmLfIWOCYPfQJ4cu2erKghU++QvjcUjp/5h7hESpA==}

  '@types/jquery@3.5.32':
    resolution: {integrity: sha512-b9Xbf4CkMqS02YH8zACqN1xzdxc3cO735Qe5AbSUFmyOiaWAbcpqh9Wna+Uk0vgACvoQHpWDg2rGdHkYPLmCiQ==}

  '@types/mime@1.3.5':
    resolution: {integrity: sha512-/pyBZWSLD2n0dcHE3hq8s8ZvcETHtEuF+3E7XVt0Ig2nvsVQXdghHVcEkIWjy9A0wKfTn97a/PSDYohKIlnP/w==}

  '@types/node-red@1.3.5':
    resolution: {integrity: sha512-LBP8TmXJszHOoRgieyxgUrspvatmTZlkPRftlSNGE9TVJCQzSSyX3tF/Qe4evQlIUBmMGOijxcUOcKZSvq4piQ==}

  '@types/node-red__editor-api@1.3.5':
    resolution: {integrity: sha512-VE0o/gJzHVBTD2OBhpWth3sjU06TYLlLvlPh62Whs9FXUY0FdFKqWXbaG+ymYQqZreL1ZvTKfFmj0H7LnVEUeg==}

  '@types/node-red__editor-client@1.3.11':
    resolution: {integrity: sha512-Y8FGsMfec4TAVfULabH/Jui+4Cj4F3xx9v4GDpoTN5X9uHwOxdRi9UDtdvG+se/S76CFg6VjsctpJW0WjJUXgw==}

  '@types/node-red__registry@1.3.10':
    resolution: {integrity: sha512-sWjQMHn/k3OTFlrG7ljcfOMjsl1OdFEvDkRHoBga2srUjbtecELEcPaQ4WY5xsJdoXuhgxvhGh/5+ZPhpNTXEA==}

  '@types/node-red__runtime@1.3.8':
    resolution: {integrity: sha512-v5wsFjL6/kQ/YSz7WjC1J9yvE+NP8r5uivQTMBxnNnBabmDJo+dBmdp0rqJczbPNQS0ze7JGDQWz3Iuve+pYlw==}

  '@types/node-red__util@1.3.8':
    resolution: {integrity: sha512-FQRxaZyUJlyh2phJevzMSF4H8jrsOUmFg05eyhRX5lvDcc/VqdZWcYdAq9dZPRgIwHJwLBttEh9mG3DAcMJiUg==}

  '@types/node@22.13.4':
    resolution: {integrity: sha512-ywP2X0DYtX3y08eFVx5fNIw7/uIv8hYUKgXoK8oayJlLnKcRfEYCxWMVE1XagUdVtCJlZT1AU4LXEABW+L1Peg==}

  '@types/passport@1.0.17':
    resolution: {integrity: sha512-aciLyx+wDwT2t2/kJGJR2AEeBz0nJU4WuRX04Wu9Dqc5lSUtwu0WERPHYsLhF9PtseiAMPBGNUOtFjxZ56prsg==}

  '@types/qs@6.9.18':
    resolution: {integrity: sha512-kK7dgTYDyGqS+e2Q4aK9X3D7q234CIZ1Bv0q/7Z5IwRDoADNU81xXJK/YVyLbLTZCoIwUoDoffFeF+p/eIklAA==}

  '@types/range-parser@1.2.7':
    resolution: {integrity: sha512-hKormJbkJqzQGhziax5PItDUTMAM9uE2XXQmM37dyd4hVM+5aVl7oVxMVUiVQn2oCQFN/LKCZdvSM0pFRqbSmQ==}

  '@types/send@0.17.4':
    resolution: {integrity: sha512-x2EM6TJOybec7c52BX0ZspPodMsQUd5L6PRwOunVyVUhXiBSKf3AezDL8Dgvgt5o0UfKNfuA0eMLr2wLT4AiBA==}

  '@types/serve-static@1.15.7':
    resolution: {integrity: sha512-W8Ym+h8nhuRwaKPaDw34QUkwsGi6Rc4yYqvKFo5rm2FUEhCFbzVWrxXUxuKK8TASjWsysJY0nsmNCGhCOIsrOw==}

  '@types/sizzle@2.3.9':
    resolution: {integrity: sha512-xzLEyKB50yqCUPUJkIsrVvoWNfFUbIZI+RspLWt8u+tIW/BetMBZtgV2LY/2o+tYH8dRvQ+eoPf3NdhQCcLE2w==}

  jsonata@2.0.5:
    resolution: {integrity: sha512-wEse9+QLIIU5IaCgtJCPsFi/H4F3qcikWzF4bAELZiRz08ohfx3Q6CjDRf4ZPF5P/92RI3KIHtb7u3jqPaHXdQ==}
    engines: {node: '>= 8'}

  moment@2.30.1:
    resolution: {integrity: sha512-uEmtNhbDOrWPFS+hdjFCBfy9f2YoyzRpwcl+DqpC6taX21FzsTLQVbMV/W7PzNSX6x/bhC1zA3c2UQ5NzH6how==}

  undici-types@6.20.0:
    resolution: {integrity: sha512-Ny6QZ2Nju20vw1SRHe3d9jVu6gJ+4e3+MMpqu7pqE5HT6WsTSlce++GQmK5UXS8mzV8DSYHrQH+Xrf2jVcuKNg==}

snapshots:

  '@types/ace@0.0.52': {}

  '@types/body-parser@1.19.5':
    dependencies:
      '@types/connect': 3.4.38
      '@types/node': 22.13.4

  '@types/connect@3.4.38':
    dependencies:
      '@types/node': 22.13.4

  '@types/cors@2.8.17':
    dependencies:
      '@types/node': 22.13.4

  '@types/express-serve-static-core@5.0.6':
    dependencies:
      '@types/node': 22.13.4
      '@types/qs': 6.9.18
      '@types/range-parser': 1.2.7
      '@types/send': 0.17.4

  '@types/express@5.0.0':
    dependencies:
      '@types/body-parser': 1.19.5
      '@types/express-serve-static-core': 5.0.6
      '@types/qs': 6.9.18
      '@types/serve-static': 1.15.7

  '@types/http-errors@2.0.4': {}

  '@types/jquery@3.5.32':
    dependencies:
      '@types/sizzle': 2.3.9

  '@types/mime@1.3.5': {}

  '@types/node-red@1.3.5':
    dependencies:
      '@types/express': 5.0.0
      '@types/node-red__editor-api': 1.3.5
      '@types/node-red__editor-client': 1.3.11
      '@types/node-red__registry': 1.3.10
      '@types/node-red__runtime': 1.3.8
      '@types/node-red__util': 1.3.8

  '@types/node-red__editor-api@1.3.5':
    dependencies:
      '@types/express': 5.0.0
      '@types/node-red__runtime': 1.3.8

  '@types/node-red__editor-client@1.3.11':
    dependencies:
      '@types/ace': 0.0.52
      '@types/jquery': 3.5.32
      '@types/node-red__registry': 1.3.10
      '@types/node-red__runtime': 1.3.8
      '@types/node-red__util': 1.3.8

  '@types/node-red__registry@1.3.10':
    dependencies:
      '@types/express': 5.0.0
      '@types/node-red__runtime': 1.3.8
      '@types/node-red__util': 1.3.8

  '@types/node-red__runtime@1.3.8':
    dependencies:
      '@types/cors': 2.8.17
      '@types/express': 5.0.0
      '@types/node-red__editor-api': 1.3.5
      '@types/node-red__util': 1.3.8
      '@types/passport': 1.0.17

  '@types/node-red__util@1.3.8':
    dependencies:
      '@types/node-red__registry': 1.3.10
      '@types/node-red__runtime': 1.3.8
      jsonata: 2.0.5

  '@types/node@22.13.4':
    dependencies:
      undici-types: 6.20.0

  '@types/passport@1.0.17':
    dependencies:
      '@types/express': 5.0.0

  '@types/qs@6.9.18': {}

  '@types/range-parser@1.2.7': {}

  '@types/send@0.17.4':
    dependencies:
      '@types/mime': 1.3.5
      '@types/node': 22.13.4

  '@types/serve-static@1.15.7':
    dependencies:
      '@types/http-errors': 2.0.4
      '@types/node': 22.13.4
      '@types/send': 0.17.4

  '@types/sizzle@2.3.9': {}

  jsonata@2.0.5: {}

  moment@2.30.1: {}

  undici-types@6.20.0: {}
